// !$*UTF8*$!
{
	archiveVersion = 1;
	classes = {
	};
	objectVersion = 46;
	objects = {

/* Begin PBXBuildFile section */
		D63F7C871AD732F00054A170 /* Logger.swift in Sources */ = {isa = PBXBuildFile; fileRef = D63F7C861AD732F00054A170 /* Logger.swift */; };
		D6B938491AD591D6005FD75B /* BluetoothManager.swift in Sources */ = {isa = PBXBuildFile; fileRef = D6B938481AD591D6005FD75B /* BluetoothManager.swift */; };
		D6EFF34F1AD56E2F007FB165 /* AppDelegate.swift in Sources */ = {isa = PBXBuildFile; fileRef = D6EFF34E1AD56E2F007FB165 /* AppDelegate.swift */; };
		D6EFF3511AD56E2F007FB165 /* ViewController.swift in Sources */ = {isa = PBXBuildFile; fileRef = D6EFF3501AD56E2F007FB165 /* ViewController.swift */; };
		D6EFF3541AD56E2F007FB165 /* Main.storyboard in Resources */ = {isa = PBXBuildFile; fileRef = D6EFF3521AD56E2F007FB165 /* Main.storyboard */; };
		D6EFF3561AD56E2F007FB165 /* Images.xcassets in Resources */ = {isa = PBXBuildFile; fileRef = D6EFF3551AD56E2F007FB165 /* Images.xcassets */; };
		D6EFF3591AD56E2F007FB165 /* LaunchScreen.xib in Resources */ = {isa = PBXBuildFile; fileRef = D6EFF3571AD56E2F007FB165 /* LaunchScreen.xib */; };
		D6EFF3651AD56E30007FB165 /* FakeAgentTests.swift in Sources */ = {isa = PBXBuildFile; fileRef = D6EFF3641AD56E30007FB165 /* FakeAgentTests.swift */; };
/* End PBXBuildFile section */

/* Begin PBXContainerItemProxy section */
		D6EFF35F1AD56E30007FB165 /* PBXContainerItemProxy */ = {
			isa = PBXContainerItemProxy;
			containerPortal = D6EFF3411AD56E2F007FB165 /* Project object */;
			proxyType = 1;
			remoteGlobalIDString = D6EFF3481AD56E2F007FB165;
			remoteInfo = FakeAgent;
		};
/* End PBXContainerItemProxy section */

/* Begin PBXFileReference section */
		D63F7C861AD732F00054A170 /* Logger.swift */ = {isa = PBXFileReference; fileEncoding = 4; lastKnownFileType = sourcecode.swift; path = Logger.swift; sourceTree = "<group>"; };
		D6B938481AD591D6005FD75B /* BluetoothManager.swift */ = {isa = PBXFileReference; fileEncoding = 4; lastKnownFileType = sourcecode.swift; path = BluetoothManager.swift; sourceTree = "<group>"; };
		D6EFF3491AD56E2F007FB165 /* FakeAgent.app */ = {isa = PBXFileReference; explicitFileType = wrapper.application; includeInIndex = 0; path = FakeAgent.app; sourceTree = BUILT_PRODUCTS_DIR; };
		D6EFF34D1AD56E2F007FB165 /* Info.plist */ = {isa = PBXFileReference; lastKnownFileType = text.plist.xml; path = Info.plist; sourceTree = "<group>"; };
		D6EFF34E1AD56E2F007FB165 /* AppDelegate.swift */ = {isa = PBXFileReference; lastKnownFileType = sourcecode.swift; path = AppDelegate.swift; sourceTree = "<group>"; };
		D6EFF3501AD56E2F007FB165 /* ViewController.swift */ = {isa = PBXFileReference; lastKnownFileType = sourcecode.swift; path = ViewController.swift; sourceTree = "<group>"; };
		D6EFF3531AD56E2F007FB165 /* Base */ = {isa = PBXFileReference; lastKnownFileType = file.storyboard; name = Base; path = Base.lproj/Main.storyboard; sourceTree = "<group>"; };
		D6EFF3551AD56E2F007FB165 /* Images.xcassets */ = {isa = PBXFileReference; lastKnownFileType = folder.assetcatalog; path = Images.xcassets; sourceTree = "<group>"; };
		D6EFF3581AD56E2F007FB165 /* Base */ = {isa = PBXFileReference; lastKnownFileType = file.xib; name = Base; path = Base.lproj/LaunchScreen.xib; sourceTree = "<group>"; };
		D6EFF35E1AD56E30007FB165 /* FakeAgentTests.xctest */ = {isa = PBXFileReference; explicitFileType = wrapper.cfbundle; includeInIndex = 0; path = FakeAgentTests.xctest; sourceTree = BUILT_PRODUCTS_DIR; };
		D6EFF3631AD56E30007FB165 /* Info.plist */ = {isa = PBXFileReference; lastKnownFileType = text.plist.xml; path = Info.plist; sourceTree = "<group>"; };
		D6EFF3641AD56E30007FB165 /* FakeAgentTests.swift */ = {isa = PBXFileReference; lastKnownFileType = sourcecode.swift; path = FakeAgentTests.swift; sourceTree = "<group>"; };
/* End PBXFileReference section */

/* Begin PBXFrameworksBuildPhase section */
		D6EFF3461AD56E2F007FB165 /* Frameworks */ = {
			isa = PBXFrameworksBuildPhase;
			buildActionMask = 2147483647;
			files = (
			);
			runOnlyForDeploymentPostprocessing = 0;
		};
		D6EFF35B1AD56E30007FB165 /* Frameworks */ = {
			isa = PBXFrameworksBuildPhase;
			buildActionMask = 2147483647;
			files = (
			);
			runOnlyForDeploymentPostprocessing = 0;
		};
/* End PBXFrameworksBuildPhase section */

/* Begin PBXGroup section */
		D6EFF3401AD56E2F007FB165 = {
			isa = PBXGroup;
			children = (
				D6EFF34B1AD56E2F007FB165 /* FakeAgent */,
				D6EFF3611AD56E30007FB165 /* FakeAgentTests */,
				D6EFF34A1AD56E2F007FB165 /* Products */,
			);
			sourceTree = "<group>";
		};
		D6EFF34A1AD56E2F007FB165 /* Products */ = {
			isa = PBXGroup;
			children = (
				D6EFF3491AD56E2F007FB165 /* FakeAgent.app */,
				D6EFF35E1AD56E30007FB165 /* FakeAgentTests.xctest */,
			);
			name = Products;
			sourceTree = "<group>";
		};
		D6EFF34B1AD56E2F007FB165 /* FakeAgent */ = {
			isa = PBXGroup;
			children = (
				D63F7C861AD732F00054A170 /* Logger.swift */,
				D6B938481AD591D6005FD75B /* BluetoothManager.swift */,
				D6EFF34E1AD56E2F007FB165 /* AppDelegate.swift */,
				D6EFF3501AD56E2F007FB165 /* ViewController.swift */,
				D6EFF3521AD56E2F007FB165 /* Main.storyboard */,
				D6EFF3551AD56E2F007FB165 /* Images.xcassets */,
				D6EFF3571AD56E2F007FB165 /* LaunchScreen.xib */,
				D6EFF34C1AD56E2F007FB165 /* Supporting Files */,
			);
			path = FakeAgent;
			sourceTree = "<group>";
		};
		D6EFF34C1AD56E2F007FB165 /* Supporting Files */ = {
			isa = PBXGroup;
			children = (
				D6EFF34D1AD56E2F007FB165 /* Info.plist */,
			);
			name = "Supporting Files";
			sourceTree = "<group>";
		};
		D6EFF3611AD56E30007FB165 /* FakeAgentTests */ = {
			isa = PBXGroup;
			children = (
				D6EFF3641AD56E30007FB165 /* FakeAgentTests.swift */,
				D6EFF3621AD56E30007FB165 /* Supporting Files */,
			);
			path = FakeAgentTests;
			sourceTree = "<group>";
		};
		D6EFF3621AD56E30007FB165 /* Supporting Files */ = {
			isa = PBXGroup;
			children = (
				D6EFF3631AD56E30007FB165 /* Info.plist */,
			);
			name = "Supporting Files";
			sourceTree = "<group>";
		};
/* End PBXGroup section */

/* Begin PBXNativeTarget section */
		D6EFF3481AD56E2F007FB165 /* FakeAgent */ = {
			isa = PBXNativeTarget;
			buildConfigurationList = D6EFF3681AD56E30007FB165 /* Build configuration list for PBXNativeTarget "FakeAgent" */;
			buildPhases = (
				D6EFF3451AD56E2F007FB165 /* Sources */,
				D6EFF3461AD56E2F007FB165 /* Frameworks */,
				D6EFF3471AD56E2F007FB165 /* Resources */,
			);
			buildRules = (
			);
			dependencies = (
			);
			name = FakeAgent;
			productName = FakeAgent;
			productReference = D6EFF3491AD56E2F007FB165 /* FakeAgent.app */;
			productType = "com.apple.product-type.application";
		};
		D6EFF35D1AD56E30007FB165 /* FakeAgentTests */ = {
			isa = PBXNativeTarget;
			buildConfigurationList = D6EFF36B1AD56E30007FB165 /* Build configuration list for PBXNativeTarget "FakeAgentTests" */;
			buildPhases = (
				D6EFF35A1AD56E30007FB165 /* Sources */,
				D6EFF35B1AD56E30007FB165 /* Frameworks */,
				D6EFF35C1AD56E30007FB165 /* Resources */,
			);
			buildRules = (
			);
			dependencies = (
				D6EFF3601AD56E30007FB165 /* PBXTargetDependency */,
			);
			name = FakeAgentTests;
			productName = FakeAgentTests;
			productReference = D6EFF35E1AD56E30007FB165 /* FakeAgentTests.xctest */;
			productType = "com.apple.product-type.bundle.unit-test";
		};
/* End PBXNativeTarget section */

/* Begin PBXProject section */
		D6EFF3411AD56E2F007FB165 /* Project object */ = {
			isa = PBXProject;
			attributes = {
				LastUpgradeCheck = 0620;
				ORGANIZATIONNAME = Imprivata;
				TargetAttributes = {
					D6EFF3481AD56E2F007FB165 = {
						CreatedOnToolsVersion = 6.2;
					};
					D6EFF35D1AD56E30007FB165 = {
						CreatedOnToolsVersion = 6.2;
						TestTargetID = D6EFF3481AD56E2F007FB165;
					};
				};
			};
			buildConfigurationList = D6EFF3441AD56E2F007FB165 /* Build configuration list for PBXProject "FakeAgent" */;
			compatibilityVersion = "Xcode 3.2";
			developmentRegion = English;
			hasScannedForEncodings = 0;
			knownRegions = (
				en,
				Base,
			);
			mainGroup = D6EFF3401AD56E2F007FB165;
			productRefGroup = D6EFF34A1AD56E2F007FB165 /* Products */;
			projectDirPath = "";
			projectRoot = "";
			targets = (
				D6EFF3481AD56E2F007FB165 /* FakeAgent */,
				D6EFF35D1AD56E30007FB165 /* FakeAgentTests */,
			);
		};
/* End PBXProject section */

/* Begin PBXResourcesBuildPhase section */
		D6EFF3471AD56E2F007FB165 /* Resources */ = {
			isa = PBXResourcesBuildPhase;
			buildActionMask = 2147483647;
			files = (
				D6EFF3541AD56E2F007FB165 /* Main.storyboard in Resources */,
				D6EFF3591AD56E2F007FB165 /* LaunchScreen.xib in Resources */,
				D6EFF3561AD56E2F007FB165 /* Images.xcassets in Resources */,
			);
			runOnlyForDeploymentPostprocessing = 0;
		};
		D6EFF35C1AD56E30007FB165 /* Resources */ = {
			isa = PBXResourcesBuildPhase;
			buildActionMask = 2147483647;
			files = (
			);
			runOnlyForDeploymentPostprocessing = 0;
		};
/* End PBXResourcesBuildPhase section */

/* Begin PBXSourcesBuildPhase section */
		D6EFF3451AD56E2F007FB165 /* Sources */ = {
			isa = PBXSourcesBuildPhase;
			buildActionMask = 2147483647;
			files = (
				D6EFF3511AD56E2F007FB165 /* ViewController.swift in Sources */,
				D6B938491AD591D6005FD75B /* BluetoothManager.swift in Sources */,
				D6EFF34F1AD56E2F007FB165 /* AppDelegate.swift in Sources */,
				D63F7C871AD732F00054A170 /* Logger.swift in Sources */,
			);
			runOnlyForDeploymentPostprocessing = 0;
		};
		D6EFF35A1AD56E30007FB165 /* Sources */ = {
			isa = PBXSourcesBuildPhase;
			buildActionMask = 2147483647;
			files = (
				D6EFF3651AD56E30007FB165 /* FakeAgentTests.swift in Sources */,
			);
			runOnlyForDeploymentPostprocessing = 0;
		};
/* End PBXSourcesBuildPhase section */

/* Begin PBXTargetDependency section */
		D6EFF3601AD56E30007FB165 /* PBXTargetDependency */ = {
			isa = PBXTargetDependency;
			target = D6EFF3481AD56E2F007FB165 /* FakeAgent */;
			targetProxy = D6EFF35F1AD56E30007FB165 /* PBXContainerItemProxy */;
		};
/* End PBXTargetDependency section */

/* Begin PBXVariantGroup section */
		D6EFF3521AD56E2F007FB165 /* Main.storyboard */ = {
			isa = PBXVariantGroup;
			children = (
				D6EFF3531AD56E2F007FB165 /* Base */,
			);
			name = Main.storyboard;
			sourceTree = "<group>";
		};
		D6EFF3571AD56E2F007FB165 /* LaunchScreen.xib */ = {
			isa = PBXVariantGroup;
			children = (
				D6EFF3581AD56E2F007FB165 /* Base */,
			);
			name = LaunchScreen.xib;
			sourceTree = "<group>";
		};
/* End PBXVariantGroup section */

/* Begin XCBuildConfiguration section */
		D6EFF3661AD56E30007FB165 /* Debug */ = {
			isa = XCBuildConfiguration;
			buildSettings = {
				ALWAYS_SEARCH_USER_PATHS = NO;
				CLANG_CXX_LANGUAGE_STANDARD = "gnu++0x";
				CLANG_CXX_LIBRARY = "libc++";
				CLANG_ENABLE_MODULES = YES;
				CLANG_ENABLE_OBJC_ARC = YES;
				CLANG_WARN_BOOL_CONVERSION = YES;
				CLANG_WARN_CONSTANT_CONVERSION = YES;
				CLANG_WARN_DIRECT_OBJC_ISA_USAGE = YES_ERROR;
				CLANG_WARN_EMPTY_BODY = YES;
				CLANG_WARN_ENUM_CONVERSION = YES;
				CLANG_WARN_INT_CONVERSION = YES;
				CLANG_WARN_OBJC_ROOT_CLASS = YES_ERROR;
				CLANG_WARN_UNREACHABLE_CODE = YES;
				CLANG_WARN__DUPLICATE_METHOD_MATCH = YES;
				"CODE_SIGN_IDENTITY[sdk=iphoneos*]" = "iPhone Developer";
				COPY_PHASE_STRIP = NO;
				ENABLE_STRICT_OBJC_MSGSEND = YES;
				GCC_C_LANGUAGE_STANDARD = gnu99;
				GCC_DYNAMIC_NO_PIC = NO;
				GCC_OPTIMIZATION_LEVEL = 0;
				GCC_PREPROCESSOR_DEFINITIONS = (
					"DEBUG=1",
					"$(inherited)",
				);
				GCC_SYMBOLS_PRIVATE_EXTERN = NO;
				GCC_WARN_64_TO_32_BIT_CONVERSION = YES;
				GCC_WARN_ABOUT_RETURN_TYPE = YES_ERROR;
				GCC_WARN_UNDECLARED_SELECTOR = YES;
				GCC_WARN_UNINITIALIZED_AUTOS = YES_AGGRESSIVE;
				GCC_WARN_UNUSED_FUNCTION = YES;
				GCC_WARN_UNUSED_VARIABLE = YES;
				IPHONEOS_DEPLOYMENT_TARGET = 8.3;
				MTL_ENABLE_DEBUG_INFO = YES;
				ONLY_ACTIVE_ARCH = YES;
				SDKROOT = iphoneos;
				SWIFT_OPTIMIZATION_LEVEL = "-Onone";
			};
			name = Debug;
		};
		D6EFF3671AD56E30007FB165 /* Release */ = {
			isa = XCBuildConfiguration;
			buildSettings = {
				ALWAYS_SEARCH_USER_PATHS = NO;
				CLANG_CXX_LANGUAGE_STANDARD = "gnu++0x";
				CLANG_CXX_LIBRARY = "libc++";
				CLANG_ENABLE_MODULES = YES;
				CLANG_ENABLE_OBJC_ARC = YES;
				CLANG_WARN_BOOL_CONVERSION = YES;
				CLANG_WARN_CONSTANT_CONVERSION = YES;
				CLANG_WARN_DIRECT_OBJC_ISA_USAGE = YES_ERROR;
				CLANG_WARN_EMPTY_BODY = YES;
				CLANG_WARN_ENUM_CONVERSION = YES;
				CLANG_WARN_INT_CONVERSION = YES;
				CLANG_WARN_OBJC_ROOT_CLASS = YES_ERROR;
				CLANG_WARN_UNREACHABLE_CODE = YES;
				CLANG_WARN__DUPLICATE_METHOD_MATCH = YES;
				"CODE_SIGN_IDENTITY[sdk=iphoneos*]" = "iPhone Developer";
				COPY_PHASE_STRIP = NO;
				ENABLE_NS_ASSERTIONS = NO;
				ENABLE_STRICT_OBJC_MSGSEND = YES;
				GCC_C_LANGUAGE_STANDARD = gnu99;
				GCC_WARN_64_TO_32_BIT_CONVERSION = YES;
				GCC_WARN_ABOUT_RETURN_TYPE = YES_ERROR;
				GCC_WARN_UNDECLARED_SELECTOR = YES;
				GCC_WARN_UNINITIALIZED_AUTOS = YES_AGGRESSIVE;
				GCC_WARN_UNUSED_FUNCTION = YES;
				GCC_WARN_UNUSED_VARIABLE = YES;
				IPHONEOS_DEPLOYMENT_TARGET = 8.3;
				MTL_ENABLE_DEBUG_INFO = NO;
				SDKROOT = iphoneos;
				VALIDATE_PRODUCT = YES;
			};
			name = Release;
		};
		D6EFF3691AD56E30007FB165 /* Debug */ = {
			isa = XCBuildConfiguration;
			buildSettings = {
				ASSETCATALOG_COMPILER_APPICON_NAME = AppIcon;
				INFOPLIST_FILE = FakeAgent/Info.plist;
				IPHONEOS_DEPLOYMENT_TARGET = 8.3;
				LD_RUNPATH_SEARCH_PATHS = "$(inherited) @executable_path/Frameworks";
				PRODUCT_NAME = "$(TARGET_NAME)";
			};
			name = Debug;
		};
		D6EFF36A1AD56E30007FB165 /* Release */ = {
			isa = XCBuildConfiguration;
			buildSettings = {
				ASSETCATALOG_COMPILER_APPICON_NAME = AppIcon;
				INFOPLIST_FILE = FakeAgent/Info.plist;
				IPHONEOS_DEPLOYMENT_TARGET = 8.3;
				LD_RUNPATH_SEARCH_PATHS = "$(inherited) @executable_path/Frameworks";
				PRODUCT_NAME = "$(TARGET_NAME)";
			};
			name = Release;
		};
		D6EFF36C1AD56E30007FB165 /* Debug */ = {
			isa = XCBuildConfiguration;
			buildSettings = {
				BUNDLE_LOADER = "$(TEST_HOST)";
				FRAMEWORK_SEARCH_PATHS = (
					"$(SDKROOT)/Developer/Library/Frameworks",
					"$(inherited)",
				);
				GCC_PREPROCESSOR_DEFINITIONS = (
					"DEBUG=1",
					"$(inherited)",
				);
				INFOPLIST_FILE = FakeAgentTests/Info.plist;
				LD_RUNPATH_SEARCH_PATHS = "$(inherited) @executable_path/Frameworks @loader_path/Frameworks";
				PRODUCT_NAME = "$(TARGET_NAME)";
				TEST_HOST = "$(BUILT_PRODUCTS_DIR)/FakeAgent.app/FakeAgent";
			};
			name = Debug;
		};
		D6EFF36D1AD56E30007FB165 /* Release */ = {
			isa = XCBuildConfiguration;
			buildSettings = {
				BUNDLE_LOADER = "$(TEST_HOST)";
				FRAMEWORK_SEARCH_PATHS = (
					"$(SDKROOT)/Developer/Library/Frameworks",
					"$(inherited)",
				);
				INFOPLIST_FILE = FakeAgentTests/Info.plist;
				LD_RUNPATH_SEARCH_PATHS = "$(inherited) @executable_path/Frameworks @loader_path/Frameworks";
				PRODUCT_NAME = "$(TARGET_NAME)";
				TEST_HOST = "$(BUILT_PRODUCTS_DIR)/FakeAgent.app/FakeAgent";
			};
			name = Release;
		};
/* End XCBuildConfiguration section */

/* Begin XCConfigurationList section */
		D6EFF3441AD56E2F007FB165 /* Build configuration list for PBXProject "FakeAgent" */ = {
			isa = XCConfigurationList;
			buildConfigurations = (
				D6EFF3661AD56E30007FB165 /* Debug */,
				D6EFF3671AD56E30007FB165 /* Release */,
			);
			defaultConfigurationIsVisible = 0;
			defaultConfigurationName = Release;
		};
		D6EFF3681AD56E30007FB165 /* Build configuration list for PBXNativeTarget "FakeAgent" */ = {
			isa = XCConfigurationList;
			buildConfigurations = (
				D6EFF3691AD56E30007FB165 /* Debug */,
				D6EFF36A1AD56E30007FB165 /* Release */,
			);
			defaultConfigurationIsVisible = 0;
			defaultConfigurationName = Release;
		};
		D6EFF36B1AD56E30007FB165 /* Build configuration list for PBXNativeTarget "FakeAgentTests" */ = {
			isa = XCConfigurationList;
			buildConfigurations = (
				D6EFF36C1AD56E30007FB165 /* Debug */,
				D6EFF36D1AD56E30007FB165 /* Release */,
			);
			defaultConfigurationIsVisible = 0;
			defaultConfigurationName = Release;
		};
/* End XCConfigurationList section */
	};
	rootObject = D6EFF3411AD56E2F007FB165 /* Project object */;
}
